{
  "version": 4,
  "terraform_version": "0.12.20",
  "serial": 48,
  "lineage": "92cb63e8-75d0-3a52-3d93-23e02a448da1",
  "outputs": {},
  "resources": [
    {
      "mode": "data",
      "type": "aws_ecs_task_definition",
      "name": "nginx",
      "provider": "provider.aws",
      "instances": [
        {
          "schema_version": 0,
          "attributes": {
            "family": "nginx",
            "id": "arn:aws:ecs:us-east-1:607620271203:task-definition/nginx:30",
            "network_mode": "",
            "revision": 30,
            "status": "ACTIVE",
            "task_definition": "nginx",
            "task_role_arn": ""
          }
        }
      ]
    },
    {
      "mode": "data",
      "type": "aws_iam_policy_document",
      "name": "ecs-instance-policy",
      "provider": "provider.aws",
      "instances": [
        {
          "schema_version": 0,
          "attributes": {
            "id": "1903849331",
            "json": "{\n  \"Version\": \"2012-10-17\",\n  \"Statement\": [\n    {\n      \"Sid\": \"\",\n      \"Effect\": \"Allow\",\n      \"Action\": \"sts:AssumeRole\",\n      \"Principal\": {\n        \"Service\": \"ec2.amazonaws.com\"\n      }\n    }\n  ]\n}",
            "override_json": null,
            "policy_id": null,
            "source_json": null,
            "statement": [
              {
                "actions": [
                  "sts:AssumeRole"
                ],
                "condition": [],
                "effect": "Allow",
                "not_actions": [],
                "not_principals": [],
                "not_resources": [],
                "principals": [
                  {
                    "identifiers": [
                      "ec2.amazonaws.com"
                    ],
                    "type": "Service"
                  }
                ],
                "resources": [],
                "sid": ""
              }
            ],
            "version": "2012-10-17"
          }
        }
      ]
    },
    {
      "mode": "data",
      "type": "aws_iam_policy_document",
      "name": "ecs-service-policy",
      "provider": "provider.aws",
      "instances": [
        {
          "schema_version": 0,
          "attributes": {
            "id": "3622649364",
            "json": "{\n  \"Version\": \"2012-10-17\",\n  \"Statement\": [\n    {\n      \"Sid\": \"\",\n      \"Effect\": \"Allow\",\n      \"Action\": \"sts:AssumeRole\",\n      \"Principal\": {\n        \"Service\": \"ecs.amazonaws.com\"\n      }\n    }\n  ]\n}",
            "override_json": null,
            "policy_id": null,
            "source_json": null,
            "statement": [
              {
                "actions": [
                  "sts:AssumeRole"
                ],
                "condition": [],
                "effect": "Allow",
                "not_actions": [],
                "not_principals": [],
                "not_resources": [],
                "principals": [
                  {
                    "identifiers": [
                      "ecs.amazonaws.com"
                    ],
                    "type": "Service"
                  }
                ],
                "resources": [],
                "sid": ""
              }
            ],
            "version": "2012-10-17"
          }
        }
      ]
    },
    {
      "mode": "managed",
      "type": "aws_alb",
      "name": "ecs_load_balancer",
      "provider": "provider.aws",
      "instances": [
        {
          "schema_version": 0,
          "attributes": {
            "access_logs": [
              {
                "bucket": "",
                "enabled": false,
                "prefix": ""
              }
            ],
            "arn": "arn:aws:elasticloadbalancing:us-east-1:607620271203:loadbalancer/app/ecsloadbalancer/d2f9f15d076b9414",
            "arn_suffix": "app/ecsloadbalancer/d2f9f15d076b9414",
            "dns_name": "ecsloadbalancer-787687826.us-east-1.elb.amazonaws.com",
            "enable_cross_zone_load_balancing": null,
            "enable_deletion_protection": false,
            "enable_http2": true,
            "id": "arn:aws:elasticloadbalancing:us-east-1:607620271203:loadbalancer/app/ecsloadbalancer/d2f9f15d076b9414",
            "idle_timeout": 60,
            "internal": false,
            "ip_address_type": "ipv4",
            "load_balancer_type": "application",
            "name": "ecsloadbalancer",
            "name_prefix": null,
            "security_groups": [
              "sg-01592c82b84d18b39"
            ],
            "subnet_mapping": [
              {
                "allocation_id": "",
                "subnet_id": "subnet-06215edd6821442bb"
              },
              {
                "allocation_id": "",
                "subnet_id": "subnet-07ecc857970e94169"
              }
            ],
            "subnets": [
              "subnet-06215edd6821442bb",
              "subnet-07ecc857970e94169"
            ],
            "tags": null,
            "timeouts": null,
            "vpc_id": "vpc-01f03b06274c977c5",
            "zone_id": "Z35SXDOTRQ7X7K"
          },
          "private": "eyJlMmJmYjczMC1lY2FhLTExZTYtOGY4OC0zNDM2M2JjN2M0YzAiOnsiY3JlYXRlIjo2MDAwMDAwMDAwMDAsImRlbGV0ZSI6NjAwMDAwMDAwMDAwLCJ1cGRhdGUiOjYwMDAwMDAwMDAwMH19",
          "dependencies": [
            "aws_security_group.test_public_sg",
            "aws_subnet.test_public_sn1",
            "aws_subnet.test_public_sn2",
            "aws_vpc.test_vpc"
          ]
        }
      ]
    },
    {
      "mode": "managed",
      "type": "aws_alb_listener",
      "name": "alb-listener",
      "provider": "provider.aws",
      "instances": [
        {
          "schema_version": 0,
          "attributes": {
            "arn": "arn:aws:elasticloadbalancing:us-east-1:607620271203:listener/app/ecsloadbalancer/d2f9f15d076b9414/89180557f5eb668b",
            "certificate_arn": null,
            "default_action": [
              {
                "authenticate_cognito": [],
                "authenticate_oidc": [],
                "fixed_response": [],
                "order": 1,
                "redirect": [],
                "target_group_arn": "arn:aws:elasticloadbalancing:us-east-1:607620271203:targetgroup/ecstargetgroup/2c19d565301e3d57",
                "type": "forward"
              }
            ],
            "id": "arn:aws:elasticloadbalancing:us-east-1:607620271203:listener/app/ecsloadbalancer/d2f9f15d076b9414/89180557f5eb668b",
            "load_balancer_arn": "arn:aws:elasticloadbalancing:us-east-1:607620271203:loadbalancer/app/ecsloadbalancer/d2f9f15d076b9414",
            "port": 80,
            "protocol": "HTTP",
            "ssl_policy": "",
            "timeouts": null
          },
          "private": "eyJlMmJmYjczMC1lY2FhLTExZTYtOGY4OC0zNDM2M2JjN2M0YzAiOnsicmVhZCI6NjAwMDAwMDAwMDAwfX0=",
          "dependencies": [
            "aws_alb.ecs_load_balancer",
            "aws_alb_target_group.ecs_target_group",
            "aws_security_group.test_public_sg",
            "aws_subnet.test_public_sn1",
            "aws_subnet.test_public_sn2",
            "aws_vpc.test_vpc"
          ]
        }
      ]
    },
    {
      "mode": "managed",
      "type": "aws_alb_target_group",
      "name": "ecs_target_group",
      "provider": "provider.aws",
      "instances": [
        {
          "schema_version": 0,
          "attributes": {
            "arn": "arn:aws:elasticloadbalancing:us-east-1:607620271203:targetgroup/ecstargetgroup/2c19d565301e3d57",
            "arn_suffix": "targetgroup/ecstargetgroup/2c19d565301e3d57",
            "deregistration_delay": 300,
            "health_check": [
              {
                "enabled": true,
                "healthy_threshold": 5,
                "interval": 30,
                "matcher": "200",
                "path": "/",
                "port": "8080",
                "protocol": "HTTP",
                "timeout": 5,
                "unhealthy_threshold": 2
              }
            ],
            "id": "arn:aws:elasticloadbalancing:us-east-1:607620271203:targetgroup/ecstargetgroup/2c19d565301e3d57",
            "lambda_multi_value_headers_enabled": false,
            "name": "ecstargetgroup",
            "name_prefix": null,
            "port": 80,
            "protocol": "HTTP",
            "proxy_protocol_v2": false,
            "slow_start": 0,
            "stickiness": [
              {
                "cookie_duration": 86400,
                "enabled": false,
                "type": "lb_cookie"
              }
            ],
            "tags": {
              "Name": "ecs-target-group"
            },
            "target_type": "instance",
            "vpc_id": "vpc-01f03b06274c977c5"
          },
          "private": "bnVsbA==",
          "dependencies": [
            "aws_alb.ecs_load_balancer",
            "aws_security_group.test_public_sg",
            "aws_subnet.test_public_sn1",
            "aws_subnet.test_public_sn2",
            "aws_vpc.test_vpc"
          ]
        }
      ]
    },
    {
      "mode": "managed",
      "type": "aws_appautoscaling_policy",
      "name": "scale_down",
      "provider": "provider.aws",
      "instances": [
        {
          "schema_version": 0,
          "attributes": {
            "adjustment_type": null,
            "arn": "arn:aws:autoscaling:us-east-1:607620271203:scalingPolicy:df4f0652-911f-4d7c-9a96-b44d93111e2e:resource/ecs/service/ecs_cluster/testecsservice:policyName/ecs_cluster-testecsservice-scale-down",
            "cooldown": null,
            "id": "ecs_cluster-testecsservice-scale-down",
            "metric_aggregation_type": null,
            "min_adjustment_magnitude": null,
            "name": "ecs_cluster-testecsservice-scale-down",
            "policy_type": "StepScaling",
            "resource_id": "service/ecs_cluster/testecsservice",
            "scalable_dimension": "ecs:service:DesiredCount",
            "service_namespace": "ecs",
            "step_adjustment": [],
            "step_scaling_policy_configuration": [
              {
                "adjustment_type": "ChangeInCapacity",
                "cooldown": 60,
                "metric_aggregation_type": "Maximum",
                "min_adjustment_magnitude": 0,
                "step_adjustment": [
                  {
                    "metric_interval_lower_bound": "",
                    "metric_interval_upper_bound": "0",
                    "scaling_adjustment": -1
                  }
                ]
              }
            ],
            "target_tracking_scaling_policy_configuration": []
          },
          "private": "bnVsbA==",
          "dependencies": [
            "aws_appautoscaling_target.ecs_target",
            "aws_iam_role.ecs_autoscale_role"
          ]
        }
      ]
    },
    {
      "mode": "managed",
      "type": "aws_appautoscaling_policy",
      "name": "scale_up",
      "provider": "provider.aws",
      "instances": [
        {
          "schema_version": 0,
          "attributes": {
            "adjustment_type": null,
            "arn": "arn:aws:autoscaling:us-east-1:607620271203:scalingPolicy:df4f0652-911f-4d7c-9a96-b44d93111e2e:resource/ecs/service/ecs_cluster/testecsservice:policyName/ecs_cluster-testecsservice-scale-up",
            "cooldown": null,
            "id": "ecs_cluster-testecsservice-scale-up",
            "metric_aggregation_type": null,
            "min_adjustment_magnitude": null,
            "name": "ecs_cluster-testecsservice-scale-up",
            "policy_type": "StepScaling",
            "resource_id": "service/ecs_cluster/testecsservice",
            "scalable_dimension": "ecs:service:DesiredCount",
            "service_namespace": "ecs",
            "step_adjustment": [],
            "step_scaling_policy_configuration": [
              {
                "adjustment_type": "ChangeInCapacity",
                "cooldown": 60,
                "metric_aggregation_type": "Maximum",
                "min_adjustment_magnitude": 0,
                "step_adjustment": [
                  {
                    "metric_interval_lower_bound": "0",
                    "metric_interval_upper_bound": "",
                    "scaling_adjustment": 1
                  }
                ]
              }
            ],
            "target_tracking_scaling_policy_configuration": []
          },
          "private": "bnVsbA==",
          "dependencies": [
            "aws_appautoscaling_target.ecs_target",
            "aws_iam_role.ecs_autoscale_role"
          ]
        }
      ]
    },
    {
      "mode": "managed",
      "type": "aws_appautoscaling_target",
      "name": "ecs_target",
      "provider": "provider.aws",
      "instances": [
        {
          "schema_version": 0,
          "attributes": {
            "id": "service/ecs_cluster/testecsservice",
            "max_capacity": 4,
            "min_capacity": 1,
            "resource_id": "service/ecs_cluster/testecsservice",
            "role_arn": "arn:aws:iam::607620271203:role/aws-service-role/ecs.application-autoscaling.amazonaws.com/AWSServiceRoleForApplicationAutoScaling_ECSService",
            "scalable_dimension": "ecs:service:DesiredCount",
            "service_namespace": "ecs"
          },
          "private": "bnVsbA==",
          "dependencies": [
            "aws_iam_role.ecs_autoscale_role"
          ]
        }
      ]
    },
    {
      "mode": "managed",
      "type": "aws_autoscaling_group",
      "name": "ecs_autoscaling_group",
      "provider": "provider.aws",
      "instances": [
        {
          "schema_version": 0,
          "attributes": {
            "arn": "arn:aws:autoscaling:us-east-1:607620271203:autoScalingGroup:961a0fea-898e-4d87-ad04-85af9ec4c086:autoScalingGroupName/ecs-autoscaling-group",
            "availability_zones": [
              "us-east-1a",
              "us-east-1b"
            ],
            "default_cooldown": 300,
            "desired_capacity": 2,
            "enabled_metrics": null,
            "force_delete": false,
            "health_check_grace_period": 300,
            "health_check_type": "ELB",
            "id": "ecs-autoscaling-group",
            "initial_lifecycle_hook": [],
            "launch_configuration": "ecs_launch_configuration",
            "launch_template": [],
            "load_balancers": [],
            "max_instance_lifetime": 0,
            "max_size": 4,
            "metrics_granularity": "1Minute",
            "min_elb_capacity": null,
            "min_size": 2,
            "mixed_instances_policy": [],
            "name": "ecs-autoscaling-group",
            "name_prefix": null,
            "placement_group": "",
            "protect_from_scale_in": false,
            "service_linked_role_arn": "arn:aws:iam::607620271203:role/aws-service-role/autoscaling.amazonaws.com/AWSServiceRoleForAutoScaling",
            "suspended_processes": null,
            "tag": [],
            "tags": null,
            "target_group_arns": [],
            "termination_policies": null,
            "timeouts": null,
            "vpc_zone_identifier": [
              "subnet-06a89a73f581403ad",
              "subnet-087e6e52d8dd2320c"
            ],
            "wait_for_capacity_timeout": "10m",
            "wait_for_elb_capacity": null
          },
          "private": "eyJlMmJmYjczMC1lY2FhLTExZTYtOGY4OC0zNDM2M2JjN2M0YzAiOnsiZGVsZXRlIjo2MDAwMDAwMDAwMDB9fQ==",
          "dependencies": [
            "aws_iam_instance_profile.ecs-instance-profile",
            "aws_iam_role.ecs_instance_role",
            "aws_launch_configuration.ecs_launch_configuration",
            "aws_security_group.test_public_sg",
            "aws_subnet.test_public_sn3",
            "aws_subnet.test_public_sn4",
            "aws_vpc.test_vpc"
          ]
        }
      ]
    },
    {
      "mode": "managed",
      "type": "aws_autoscaling_policy",
      "name": "cpu_agents_scale_down",
      "provider": "provider.aws",
      "instances": [
        {
          "schema_version": 0,
          "attributes": {
            "adjustment_type": "ChangeInCapacity",
            "arn": "arn:aws:autoscaling:us-east-1:607620271203:scalingPolicy:b4910219-4d5d-4e47-9821-3ce21de88eef:autoScalingGroupName/ecs-autoscaling-group:policyName/agents-scale-down",
            "autoscaling_group_name": "ecs-autoscaling-group",
            "cooldown": 300,
            "estimated_instance_warmup": 0,
            "id": "agents-scale-down",
            "metric_aggregation_type": "",
            "min_adjustment_magnitude": null,
            "min_adjustment_step": null,
            "name": "agents-scale-down",
            "policy_type": "SimpleScaling",
            "scaling_adjustment": -1,
            "step_adjustment": [],
            "target_tracking_configuration": []
          },
          "private": "bnVsbA==",
          "dependencies": [
            "aws_autoscaling_group.ecs_autoscaling_group",
            "aws_iam_instance_profile.ecs-instance-profile",
            "aws_iam_role.ecs_instance_role",
            "aws_launch_configuration.ecs_launch_configuration",
            "aws_security_group.test_public_sg",
            "aws_subnet.test_public_sn3",
            "aws_subnet.test_public_sn4",
            "aws_vpc.test_vpc"
          ]
        }
      ]
    },
    {
      "mode": "managed",
      "type": "aws_autoscaling_policy",
      "name": "cpu_agents_scale_up",
      "provider": "provider.aws",
      "instances": [
        {
          "schema_version": 0,
          "attributes": {
            "adjustment_type": "ChangeInCapacity",
            "arn": "arn:aws:autoscaling:us-east-1:607620271203:scalingPolicy:3ffa8063-4c53-4ff9-9e81-fda859f3c004:autoScalingGroupName/ecs-autoscaling-group:policyName/agents-scale-up",
            "autoscaling_group_name": "ecs-autoscaling-group",
            "cooldown": 300,
            "estimated_instance_warmup": 0,
            "id": "agents-scale-up",
            "metric_aggregation_type": "",
            "min_adjustment_magnitude": null,
            "min_adjustment_step": null,
            "name": "agents-scale-up",
            "policy_type": "SimpleScaling",
            "scaling_adjustment": 4,
            "step_adjustment": [],
            "target_tracking_configuration": []
          },
          "private": "bnVsbA==",
          "dependencies": [
            "aws_autoscaling_group.ecs_autoscaling_group",
            "aws_iam_instance_profile.ecs-instance-profile",
            "aws_iam_role.ecs_instance_role",
            "aws_launch_configuration.ecs_launch_configuration",
            "aws_security_group.test_public_sg",
            "aws_subnet.test_public_sn3",
            "aws_subnet.test_public_sn4",
            "aws_vpc.test_vpc"
          ]
        }
      ]
    },
    {
      "mode": "managed",
      "type": "aws_cloudwatch_metric_alarm",
      "name": "ecs_service_scale_down_alarm",
      "provider": "provider.aws",
      "instances": [
        {
          "schema_version": 1,
          "attributes": {
            "actions_enabled": true,
            "alarm_actions": [
              "arn:aws:autoscaling:us-east-1:607620271203:scalingPolicy:df4f0652-911f-4d7c-9a96-b44d93111e2e:resource/ecs/service/ecs_cluster/testecsservice:policyName/ecs_cluster-testecsservice-scale-down"
            ],
            "alarm_description": "This metric monitor ecs CPU utilization down",
            "alarm_name": "ecs_cluster-testecsservice-ECSServiceScaleDownAlarm",
            "arn": "arn:aws:cloudwatch:us-east-1:607620271203:alarm:ecs_cluster-testecsservice-ECSServiceScaleDownAlarm",
            "comparison_operator": "LessThanOrEqualToThreshold",
            "datapoints_to_alarm": 4,
            "dimensions": {
              "ClusterName": "ecs_cluster",
              "ServiceName": "testecsservice"
            },
            "evaluate_low_sample_count_percentiles": "",
            "evaluation_periods": 4,
            "extended_statistic": "",
            "id": "ecs_cluster-testecsservice-ECSServiceScaleDownAlarm",
            "insufficient_data_actions": null,
            "metric_name": "CPUUtilization",
            "metric_query": [],
            "namespace": "AWS/ECS",
            "ok_actions": null,
            "period": 120,
            "statistic": "Average",
            "tags": null,
            "threshold": 25,
            "threshold_metric_id": "",
            "treat_missing_data": "missing",
            "unit": ""
          },
          "private": "eyJzY2hlbWFfdmVyc2lvbiI6IjEifQ==",
          "dependencies": [
            "aws_appautoscaling_policy.scale_down",
            "aws_appautoscaling_target.ecs_target",
            "aws_iam_role.ecs_autoscale_role"
          ]
        }
      ]
    },
    {
      "mode": "managed",
      "type": "aws_cloudwatch_metric_alarm",
      "name": "ecs_service_scale_up_alarm",
      "provider": "provider.aws",
      "instances": [
        {
          "schema_version": 1,
          "attributes": {
            "actions_enabled": true,
            "alarm_actions": [
              "arn:aws:autoscaling:us-east-1:607620271203:scalingPolicy:df4f0652-911f-4d7c-9a96-b44d93111e2e:resource/ecs/service/ecs_cluster/testecsservice:policyName/ecs_cluster-testecsservice-scale-up"
            ],
            "alarm_description": "This metric monitor ecs CPU utilization up",
            "alarm_name": "ecs_cluster-testecsservice-ECSServiceScaleUpAlarm",
            "arn": "arn:aws:cloudwatch:us-east-1:607620271203:alarm:ecs_cluster-testecsservice-ECSServiceScaleUpAlarm",
            "comparison_operator": "GreaterThanOrEqualToThreshold",
            "datapoints_to_alarm": 4,
            "dimensions": {
              "ClusterName": "ecs_cluster",
              "ServiceName": "testecsservice"
            },
            "evaluate_low_sample_count_percentiles": "",
            "evaluation_periods": 4,
            "extended_statistic": "",
            "id": "ecs_cluster-testecsservice-ECSServiceScaleUpAlarm",
            "insufficient_data_actions": null,
            "metric_name": "CPUUtilization",
            "metric_query": [],
            "namespace": "AWS/ECS",
            "ok_actions": null,
            "period": 120,
            "statistic": "Average",
            "tags": null,
            "threshold": 75,
            "threshold_metric_id": "",
            "treat_missing_data": "missing",
            "unit": ""
          },
          "private": "eyJzY2hlbWFfdmVyc2lvbiI6IjEifQ==",
          "dependencies": [
            "aws_appautoscaling_policy.scale_up",
            "aws_appautoscaling_target.ecs_target",
            "aws_iam_role.ecs_autoscale_role"
          ]
        }
      ]
    },
    {
      "mode": "managed",
      "type": "aws_cloudwatch_metric_alarm",
      "name": "fourthline-cpu-alarm-scaledown",
      "provider": "provider.aws",
      "instances": [
        {
          "schema_version": 1,
          "attributes": {
            "actions_enabled": true,
            "alarm_actions": [
              "arn:aws:autoscaling:us-east-1:607620271203:scalingPolicy:b4910219-4d5d-4e47-9821-3ce21de88eef:autoScalingGroupName/ecs-autoscaling-group:policyName/agents-scale-down"
            ],
            "alarm_description": "fourthline-cpu-alarm-scaledown",
            "alarm_name": "fourthline-cpu-alarm-scaledown",
            "arn": "arn:aws:cloudwatch:us-east-1:607620271203:alarm:fourthline-cpu-alarm-scaledown",
            "comparison_operator": "LessThanOrEqualToThreshold",
            "datapoints_to_alarm": 0,
            "dimensions": {
              "AutoScalingGroupName": "ecs-autoscaling-group"
            },
            "evaluate_low_sample_count_percentiles": "",
            "evaluation_periods": 2,
            "extended_statistic": "",
            "id": "fourthline-cpu-alarm-scaledown",
            "insufficient_data_actions": null,
            "metric_name": "CPUUtilization",
            "metric_query": [],
            "namespace": "AWS/EC2",
            "ok_actions": null,
            "period": 120,
            "statistic": "Average",
            "tags": null,
            "threshold": 5,
            "threshold_metric_id": "",
            "treat_missing_data": "missing",
            "unit": ""
          },
          "private": "eyJzY2hlbWFfdmVyc2lvbiI6IjEifQ==",
          "dependencies": [
            "aws_autoscaling_group.ecs_autoscaling_group",
            "aws_autoscaling_policy.cpu_agents_scale_down",
            "aws_iam_instance_profile.ecs-instance-profile",
            "aws_iam_role.ecs_instance_role",
            "aws_launch_configuration.ecs_launch_configuration",
            "aws_security_group.test_public_sg",
            "aws_subnet.test_public_sn3",
            "aws_subnet.test_public_sn4",
            "aws_vpc.test_vpc"
          ]
        }
      ]
    },
    {
      "mode": "managed",
      "type": "aws_cloudwatch_metric_alarm",
      "name": "fourthline-cpu-alarm-scaleup",
      "provider": "provider.aws",
      "instances": [
        {
          "schema_version": 1,
          "attributes": {
            "actions_enabled": true,
            "alarm_actions": [
              "arn:aws:autoscaling:us-east-1:607620271203:scalingPolicy:3ffa8063-4c53-4ff9-9e81-fda859f3c004:autoScalingGroupName/ecs-autoscaling-group:policyName/agents-scale-up"
            ],
            "alarm_description": "fourthline-cpu-alarm-scaleup",
            "alarm_name": "fourthline-cpu-alarm-scaleup",
            "arn": "arn:aws:cloudwatch:us-east-1:607620271203:alarm:fourthline-cpu-alarm-scaleup",
            "comparison_operator": "GreaterThanOrEqualToThreshold",
            "datapoints_to_alarm": 0,
            "dimensions": {
              "AutoScalingGroupName": "ecs-autoscaling-group"
            },
            "evaluate_low_sample_count_percentiles": "",
            "evaluation_periods": 2,
            "extended_statistic": "",
            "id": "fourthline-cpu-alarm-scaleup",
            "insufficient_data_actions": null,
            "metric_name": "CPUUtilization",
            "metric_query": [],
            "namespace": "AWS/EC2",
            "ok_actions": null,
            "period": 120,
            "statistic": "Average",
            "tags": null,
            "threshold": 80,
            "threshold_metric_id": "",
            "treat_missing_data": "missing",
            "unit": ""
          },
          "private": "eyJzY2hlbWFfdmVyc2lvbiI6IjEifQ==",
          "dependencies": [
            "aws_autoscaling_group.ecs_autoscaling_group",
            "aws_autoscaling_policy.cpu_agents_scale_up",
            "aws_iam_instance_profile.ecs-instance-profile",
            "aws_iam_role.ecs_instance_role",
            "aws_launch_configuration.ecs_launch_configuration",
            "aws_security_group.test_public_sg",
            "aws_subnet.test_public_sn3",
            "aws_subnet.test_public_sn4",
            "aws_vpc.test_vpc"
          ]
        }
      ]
    },
    {
      "mode": "managed",
      "type": "aws_ecs_cluster",
      "name": "test_ecs_cluster",
      "provider": "provider.aws",
      "instances": [
        {
          "schema_version": 0,
          "attributes": {
            "arn": "arn:aws:ecs:us-east-1:607620271203:cluster/ecs_cluster",
            "capacity_providers": null,
            "default_capacity_provider_strategy": [],
            "id": "arn:aws:ecs:us-east-1:607620271203:cluster/ecs_cluster",
            "name": "ecs_cluster",
            "setting": [
              {
                "name": "containerInsights",
                "value": "disabled"
              }
            ],
            "tags": null
          },
          "private": "bnVsbA=="
        }
      ]
    },
    {
      "mode": "managed",
      "type": "aws_ecs_service",
      "name": "fourthline_test_ecs_service",
      "provider": "provider.aws",
      "instances": [
        {
          "schema_version": 0,
          "attributes": {
            "capacity_provider_strategy": [],
            "cluster": "arn:aws:ecs:us-east-1:607620271203:cluster/ecs_cluster",
            "deployment_controller": [
              {
                "type": "ECS"
              }
            ],
            "deployment_maximum_percent": 200,
            "deployment_minimum_healthy_percent": 100,
            "desired_count": 2,
            "enable_ecs_managed_tags": false,
            "health_check_grace_period_seconds": 0,
            "iam_role": "ecs_service_role",
            "id": "arn:aws:ecs:us-east-1:607620271203:service/testecsservice",
            "launch_type": "EC2",
            "load_balancer": [
              {
                "container_name": "nginx",
                "container_port": 80,
                "elb_name": "",
                "target_group_arn": "arn:aws:elasticloadbalancing:us-east-1:607620271203:targetgroup/ecstargetgroup/2c19d565301e3d57"
              }
            ],
            "name": "testecsservice",
            "network_configuration": [],
            "ordered_placement_strategy": [],
            "placement_constraints": [],
            "placement_strategy": [],
            "platform_version": "",
            "propagate_tags": "NONE",
            "scheduling_strategy": "REPLICA",
            "service_registries": [],
            "tags": null,
            "task_definition": "arn:aws:ecs:us-east-1:607620271203:task-definition/nginx:30"
          },
          "private": "bnVsbA==",
          "dependencies": [
            "aws_alb.ecs_load_balancer",
            "aws_alb_target_group.ecs_target_group",
            "aws_ecs_cluster.test_ecs_cluster",
            "aws_ecs_task_definition.nginx",
            "aws_iam_role.ecs_service_role",
            "aws_security_group.test_public_sg",
            "aws_subnet.test_public_sn1",
            "aws_subnet.test_public_sn2",
            "aws_vpc.test_vpc"
          ]
        }
      ]
    },
    {
      "mode": "managed",
      "type": "aws_ecs_task_definition",
      "name": "nginx",
      "provider": "provider.aws",
      "instances": [
        {
          "schema_version": 1,
          "attributes": {
            "arn": "arn:aws:ecs:us-east-1:607620271203:task-definition/nginx:30",
            "container_definitions": "[{\"cpu\":10,\"environment\":[],\"essential\":true,\"image\":\"nginx\",\"memory\":500,\"mountPoints\":[],\"name\":\"nginx\",\"portMappings\":[{\"containerPort\":80,\"hostPort\":8080,\"protocol\":\"tcp\"}],\"volumesFrom\":[]}]",
            "cpu": "",
            "execution_role_arn": "",
            "family": "nginx",
            "id": "nginx",
            "ipc_mode": "",
            "memory": "",
            "network_mode": "",
            "pid_mode": "",
            "placement_constraints": [],
            "proxy_configuration": [],
            "requires_compatibilities": null,
            "revision": 30,
            "tags": null,
            "task_role_arn": "",
            "volume": []
          },
          "private": "eyJzY2hlbWFfdmVyc2lvbiI6IjEifQ=="
        }
      ]
    },
    {
      "mode": "managed",
      "type": "aws_eip",
      "name": "nat_gw_eip",
      "provider": "provider.aws",
      "instances": [
        {
          "schema_version": 0,
          "attributes": {
            "allocation_id": null,
            "associate_with_private_ip": null,
            "association_id": "",
            "domain": "vpc",
            "id": "eipalloc-031cedfa2a85507c4",
            "instance": "",
            "network_interface": "",
            "private_dns": null,
            "private_ip": "",
            "public_dns": "ec2-52-70-235-35.compute-1.amazonaws.com",
            "public_ip": "52.70.235.35",
            "public_ipv4_pool": "amazon",
            "tags": null,
            "timeouts": null,
            "vpc": true
          },
          "private": "eyJlMmJmYjczMC1lY2FhLTExZTYtOGY4OC0zNDM2M2JjN2M0YzAiOnsiZGVsZXRlIjoxODAwMDAwMDAwMDAsInJlYWQiOjkwMDAwMDAwMDAwMCwidXBkYXRlIjozMDAwMDAwMDAwMDB9fQ=="
        }
      ]
    },
    {
      "mode": "managed",
      "type": "aws_iam_instance_profile",
      "name": "ecs-instance-profile",
      "provider": "provider.aws",
      "instances": [
        {
          "schema_version": 0,
          "attributes": {
            "arn": "arn:aws:iam::607620271203:instance-profile/ecs-instance-profile",
            "create_date": "2020-02-10T18:52:10Z",
            "id": "ecs-instance-profile",
            "name": "ecs-instance-profile",
            "name_prefix": null,
            "path": "/",
            "role": "ecs_instance_role",
            "roles": [],
            "unique_id": "AIPAY26H5RRR3PMHFAPWP"
          },
          "private": "bnVsbA==",
          "dependencies": [
            "aws_iam_role.ecs_instance_role"
          ]
        }
      ]
    },
    {
      "mode": "managed",
      "type": "aws_iam_policy",
      "name": "fourthline_policy",
      "provider": "provider.aws",
      "instances": [
        {
          "schema_version": 0,
          "attributes": {
            "arn": "arn:aws:iam::607620271203:policy/fourthline-test-policy",
            "description": "A test policy",
            "id": "arn:aws:iam::607620271203:policy/fourthline-test-policy",
            "name": "fourthline-test-policy",
            "name_prefix": null,
            "path": "/",
            "policy": "{\n    \"Version\": \"2012-10-17\",\n    \"Statement\": [\n        {\n            \"Effect\": \"Allow\",\n            \"Action\": [\n                \"s3:ListBucket\"\n            ],\n            \"Resource\": [\n                \"arn:aws:s3:::testbucket-fourthline\"\n            ]\n        },\n        {\n            \"Effect\": \"Allow\",\n            \"Action\": [\n                \"s3:ListObject\",\n                \"s3:PutObject\",\n                \"s3:GetObject\",\n                \"s3:DeleteObject\"\n            ],\n            \"Resource\": [\n                \"arn:aws:s3:::testbucket-fourthline/*\"\n            ]\n        }\n    ]\n}\n"
          },
          "private": "bnVsbA=="
        }
      ]
    },
    {
      "mode": "managed",
      "type": "aws_iam_role",
      "name": "ecs_autoscale_role",
      "provider": "provider.aws",
      "instances": [
        {
          "schema_version": 0,
          "attributes": {
            "arn": "arn:aws:iam::607620271203:role/ecs_scale_ecs_cluster_testecsservice",
            "assume_role_policy": "{\"Version\":\"2012-10-17\",\"Statement\":[{\"Effect\":\"Allow\",\"Principal\":{\"Service\":\"application-autoscaling.amazonaws.com\"},\"Action\":\"sts:AssumeRole\"}]}",
            "create_date": "2020-02-10T18:52:09Z",
            "description": "",
            "force_detach_policies": false,
            "id": "ecs_scale_ecs_cluster_testecsservice",
            "max_session_duration": 3600,
            "name": "ecs_scale_ecs_cluster_testecsservice",
            "name_prefix": null,
            "path": "/",
            "permissions_boundary": null,
            "tags": null,
            "unique_id": "AROAY26H5RRR7PVBT376O"
          },
          "private": "bnVsbA=="
        }
      ]
    },
    {
      "mode": "managed",
      "type": "aws_iam_role",
      "name": "ecs_instance_role",
      "provider": "provider.aws",
      "instances": [
        {
          "schema_version": 0,
          "attributes": {
            "arn": "arn:aws:iam::607620271203:role/ecs_instance_role",
            "assume_role_policy": "{\"Version\":\"2012-10-17\",\"Statement\":[{\"Sid\":\"\",\"Effect\":\"Allow\",\"Principal\":{\"Service\":\"ec2.amazonaws.com\"},\"Action\":\"sts:AssumeRole\"}]}",
            "create_date": "2020-02-10T18:52:09Z",
            "description": "",
            "force_detach_policies": false,
            "id": "ecs_instance_role",
            "max_session_duration": 3600,
            "name": "ecs_instance_role",
            "name_prefix": null,
            "path": "/",
            "permissions_boundary": null,
            "tags": null,
            "unique_id": "AROAY26H5RRRU6XV5YYW5"
          },
          "private": "bnVsbA=="
        }
      ]
    },
    {
      "mode": "managed",
      "type": "aws_iam_role",
      "name": "ecs_service_role",
      "provider": "provider.aws",
      "instances": [
        {
          "schema_version": 0,
          "attributes": {
            "arn": "arn:aws:iam::607620271203:role/ecs_service_role",
            "assume_role_policy": "{\"Version\":\"2012-10-17\",\"Statement\":[{\"Sid\":\"\",\"Effect\":\"Allow\",\"Principal\":{\"Service\":\"ecs.amazonaws.com\"},\"Action\":\"sts:AssumeRole\"}]}",
            "create_date": "2020-02-10T18:52:09Z",
            "description": "",
            "force_detach_policies": false,
            "id": "ecs_service_role",
            "max_session_duration": 3600,
            "name": "ecs_service_role",
            "name_prefix": null,
            "path": "/",
            "permissions_boundary": null,
            "tags": null,
            "unique_id": "AROAY26H5RRRU6ESECGTD"
          },
          "private": "bnVsbA=="
        }
      ]
    },
    {
      "mode": "managed",
      "type": "aws_iam_role_policy_attachment",
      "name": "ecs_autoscale",
      "provider": "provider.aws",
      "instances": [
        {
          "schema_version": 0,
          "attributes": {
            "id": "ecs_scale_ecs_cluster_testecsservice-20200210185210210100000003",
            "policy_arn": "arn:aws:iam::aws:policy/service-role/AmazonEC2ContainerServiceAutoscaleRole",
            "role": "ecs_scale_ecs_cluster_testecsservice"
          },
          "private": "bnVsbA==",
          "dependencies": [
            "aws_iam_role.ecs_autoscale_role"
          ]
        }
      ]
    },
    {
      "mode": "managed",
      "type": "aws_iam_role_policy_attachment",
      "name": "ecs_cloudwatch",
      "provider": "provider.aws",
      "instances": [
        {
          "schema_version": 0,
          "attributes": {
            "id": "ecs_scale_ecs_cluster_testecsservice-20200210185210196700000002",
            "policy_arn": "arn:aws:iam::aws:policy/CloudWatchReadOnlyAccess",
            "role": "ecs_scale_ecs_cluster_testecsservice"
          },
          "private": "bnVsbA==",
          "dependencies": [
            "aws_iam_role.ecs_autoscale_role"
          ]
        }
      ]
    },
    {
      "mode": "managed",
      "type": "aws_iam_role_policy_attachment",
      "name": "ecs_instance_role-attachment",
      "provider": "provider.aws",
      "instances": [
        {
          "schema_version": 0,
          "attributes": {
            "id": "ecs_instance_role-20200210185210166100000001",
            "policy_arn": "arn:aws:iam::aws:policy/service-role/AmazonEC2ContainerServiceforEC2Role",
            "role": "ecs_instance_role"
          },
          "private": "bnVsbA==",
          "dependencies": [
            "aws_iam_role.ecs_instance_role"
          ]
        }
      ]
    },
    {
      "mode": "managed",
      "type": "aws_iam_role_policy_attachment",
      "name": "ecs_service_role-attachment",
      "provider": "provider.aws",
      "instances": [
        {
          "schema_version": 0,
          "attributes": {
            "id": "ecs_service_role-20200210185210534900000004",
            "policy_arn": "arn:aws:iam::aws:policy/service-role/AmazonEC2ContainerServiceRole",
            "role": "ecs_service_role"
          },
          "private": "bnVsbA==",
          "dependencies": [
            "aws_iam_role.ecs_service_role"
          ]
        }
      ]
    },
    {
      "mode": "managed",
      "type": "aws_iam_role_policy_attachment",
      "name": "test_fourthline_attach",
      "provider": "provider.aws",
      "instances": [
        {
          "schema_version": 0,
          "attributes": {
            "id": "ecs_instance_role-20200210185210565800000005",
            "policy_arn": "arn:aws:iam::607620271203:policy/fourthline-test-policy",
            "role": "ecs_instance_role"
          },
          "private": "bnVsbA==",
          "dependencies": [
            "aws_iam_policy.fourthline_policy",
            "aws_iam_role.ecs_instance_role"
          ]
        }
      ]
    },
    {
      "mode": "managed",
      "type": "aws_internet_gateway",
      "name": "igw",
      "provider": "provider.aws",
      "instances": [
        {
          "schema_version": 0,
          "attributes": {
            "id": "igw-048d6a847d9541388",
            "owner_id": "607620271203",
            "tags": {
              "Name": "fourthline igw"
            },
            "vpc_id": "vpc-01f03b06274c977c5"
          },
          "private": "bnVsbA==",
          "dependencies": [
            "aws_vpc.test_vpc"
          ]
        }
      ]
    },
    {
      "mode": "managed",
      "type": "aws_key_pair",
      "name": "deployer",
      "provider": "provider.aws",
      "instances": [
        {
          "schema_version": 1,
          "attributes": {
            "fingerprint": "3a:ab:ac:46:15:e0:48:f8:d5:68:d4:d6:ec:cf:1c:0a",
            "id": "fourthline_keypair",
            "key_name": "fourthline_keypair",
            "key_name_prefix": null,
            "key_pair_id": "key-0165caca2dc50a631",
            "public_key": "ssh-rsa AAAAB3NzaC1yc2EAAAADAQABAAABAQDaj8nDzZrLXtfXpg3Uo71wrTfgVPMMLLdPRPPjj8hD1vRoAhkXpdluv4rDYJ6YucRZp7TGcnU2X6DaaEKMUayd7YAN99pf3v9Hm13n/dGc6rJZDTlu9jxaUuJIfSYQv4I7F/ZtixSsqYG1QAIw6KaRWhNO7OvfSMehMn0/4wVTS6fDJuCmo7MlFDU/KidRv3TT5sz+cc+OcYMUuczNtub3BSu+5x1sLLBQtYbntDs1oCAkJJ1yblE74dQMsNduC8fdFsRIJyRGGyQjCPB9gfImBlQu+zGgkgPmi2YEA1/x96v2jo6+L3ZIoFrpkmzuV8dGmmOrpEIEZZtKmi8DxP8L root@lap-am0044476.bccs.hutch.co.id",
            "tags": null
          },
          "private": "eyJzY2hlbWFfdmVyc2lvbiI6IjEifQ=="
        }
      ]
    },
    {
      "mode": "managed",
      "type": "aws_launch_configuration",
      "name": "ecs_launch_configuration",
      "provider": "provider.aws",
      "instances": [
        {
          "schema_version": 0,
          "attributes": {
            "arn": "arn:aws:autoscaling:us-east-1:607620271203:launchConfiguration:b620b3f6-7572-4203-bea4-a225bd4772d9:launchConfigurationName/ecs_launch_configuration",
            "associate_public_ip_address": false,
            "ebs_block_device": [],
            "ebs_optimized": false,
            "enable_monitoring": true,
            "ephemeral_block_device": [],
            "iam_instance_profile": "ecs-instance-profile",
            "id": "ecs_launch_configuration",
            "image_id": "ami-fad25980",
            "instance_type": "t2.micro",
            "key_name": "fourthline_keypair",
            "name": "ecs_launch_configuration",
            "name_prefix": null,
            "placement_tenancy": null,
            "root_block_device": [
              {
                "delete_on_termination": true,
                "encrypted": false,
                "iops": 0,
                "volume_size": 100,
                "volume_type": "standard"
              }
            ],
            "security_groups": [
              "sg-01592c82b84d18b39"
            ],
            "spot_price": "",
            "user_data": "7b561203b06a8ffc0a7ab12028f0bfd85d91ddf3",
            "user_data_base64": null,
            "vpc_classic_link_id": "",
            "vpc_classic_link_security_groups": null
          },
          "private": "bnVsbA==",
          "dependencies": [
            "aws_iam_instance_profile.ecs-instance-profile",
            "aws_iam_role.ecs_instance_role",
            "aws_security_group.test_public_sg",
            "aws_vpc.test_vpc"
          ]
        }
      ]
    },
    {
      "mode": "managed",
      "type": "aws_nat_gateway",
      "name": "gw",
      "provider": "provider.aws",
      "instances": [
        {
          "schema_version": 0,
          "attributes": {
            "allocation_id": "eipalloc-031cedfa2a85507c4",
            "id": "nat-0d69ee9647cc4b18b",
            "network_interface_id": "eni-053fddfcb84f63a20",
            "private_ip": "10.0.1.183",
            "public_ip": "52.70.235.35",
            "subnet_id": "subnet-06215edd6821442bb",
            "tags": null
          },
          "private": "bnVsbA==",
          "dependencies": [
            "aws_eip.nat_gw_eip",
            "aws_subnet.test_public_sn1",
            "aws_vpc.test_vpc"
          ]
        }
      ]
    },
    {
      "mode": "managed",
      "type": "aws_route",
      "name": "internet_access",
      "provider": "provider.aws",
      "instances": [
        {
          "schema_version": 0,
          "attributes": {
            "destination_cidr_block": "0.0.0.0/0",
            "destination_ipv6_cidr_block": null,
            "destination_prefix_list_id": "",
            "egress_only_gateway_id": "",
            "gateway_id": "igw-048d6a847d9541388",
            "id": "r-rtb-0115955d31f8a8f621080289494",
            "instance_id": "",
            "instance_owner_id": "",
            "nat_gateway_id": "",
            "network_interface_id": "",
            "origin": "CreateRoute",
            "route_table_id": "rtb-0115955d31f8a8f62",
            "state": "active",
            "timeouts": null,
            "transit_gateway_id": "",
            "vpc_peering_connection_id": ""
          },
          "private": "eyJlMmJmYjczMC1lY2FhLTExZTYtOGY4OC0zNDM2M2JjN2M0YzAiOnsiY3JlYXRlIjoxMjAwMDAwMDAwMDAsImRlbGV0ZSI6MzAwMDAwMDAwMDAwfX0=",
          "dependencies": [
            "aws_internet_gateway.igw",
            "aws_vpc.test_vpc"
          ]
        }
      ]
    },
    {
      "mode": "managed",
      "type": "aws_route_table",
      "name": "my_vpc_test_public_sn",
      "provider": "provider.aws",
      "instances": [
        {
          "schema_version": 0,
          "attributes": {
            "id": "rtb-043e3bae5beb810a9",
            "owner_id": "607620271203",
            "propagating_vgws": [],
            "route": [
              {
                "cidr_block": "0.0.0.0/0",
                "egress_only_gateway_id": "",
                "gateway_id": "igw-048d6a847d9541388",
                "instance_id": "",
                "ipv6_cidr_block": "",
                "nat_gateway_id": "",
                "network_interface_id": "",
                "transit_gateway_id": "",
                "vpc_peering_connection_id": ""
              }
            ],
            "tags": {
              "Name": "Public Subnet Route Table"
            },
            "vpc_id": "vpc-01f03b06274c977c5"
          },
          "private": "bnVsbA==",
          "dependencies": [
            "aws_internet_gateway.igw",
            "aws_vpc.test_vpc"
          ]
        }
      ]
    },
    {
      "mode": "managed",
      "type": "aws_route_table",
      "name": "my_vpc_us_east_1a_nated",
      "provider": "provider.aws",
      "instances": [
        {
          "schema_version": 0,
          "attributes": {
            "id": "rtb-0afb7bb5a10372533",
            "owner_id": "607620271203",
            "propagating_vgws": [],
            "route": [
              {
                "cidr_block": "0.0.0.0/0",
                "egress_only_gateway_id": "",
                "gateway_id": "nat-0d69ee9647cc4b18b",
                "instance_id": "",
                "ipv6_cidr_block": "",
                "nat_gateway_id": "",
                "network_interface_id": "",
                "transit_gateway_id": "",
                "vpc_peering_connection_id": ""
              }
            ],
            "tags": {
              "Name": "Main Route Table for NAT-ed subnet"
            },
            "vpc_id": "vpc-01f03b06274c977c5"
          },
          "private": "bnVsbA==",
          "dependencies": [
            "aws_eip.nat_gw_eip",
            "aws_nat_gateway.gw",
            "aws_subnet.test_public_sn1",
            "aws_vpc.test_vpc"
          ]
        }
      ]
    },
    {
      "mode": "managed",
      "type": "aws_route_table_association",
      "name": "my_vpc_test_public_sn_01",
      "provider": "provider.aws",
      "instances": [
        {
          "schema_version": 0,
          "attributes": {
            "gateway_id": null,
            "id": "rtbassoc-0b66aae45a9bc1487",
            "route_table_id": "rtb-043e3bae5beb810a9",
            "subnet_id": "subnet-06215edd6821442bb"
          },
          "private": "bnVsbA==",
          "dependencies": [
            "aws_internet_gateway.igw",
            "aws_route_table.my_vpc_test_public_sn",
            "aws_subnet.test_public_sn1",
            "aws_vpc.test_vpc"
          ]
        }
      ]
    },
    {
      "mode": "managed",
      "type": "aws_route_table_association",
      "name": "my_vpc_test_public_sn_02",
      "provider": "provider.aws",
      "instances": [
        {
          "schema_version": 0,
          "attributes": {
            "gateway_id": null,
            "id": "rtbassoc-0e49b0d905c40b9ee",
            "route_table_id": "rtb-043e3bae5beb810a9",
            "subnet_id": "subnet-07ecc857970e94169"
          },
          "private": "bnVsbA==",
          "dependencies": [
            "aws_internet_gateway.igw",
            "aws_route_table.my_vpc_test_public_sn",
            "aws_subnet.test_public_sn2",
            "aws_vpc.test_vpc"
          ]
        }
      ]
    },
    {
      "mode": "managed",
      "type": "aws_route_table_association",
      "name": "my_vpc_us_east_1a_nated",
      "provider": "provider.aws",
      "instances": [
        {
          "schema_version": 0,
          "attributes": {
            "gateway_id": null,
            "id": "rtbassoc-0f503fb4720da3067",
            "route_table_id": "rtb-0afb7bb5a10372533",
            "subnet_id": "subnet-06a89a73f581403ad"
          },
          "private": "bnVsbA==",
          "dependencies": [
            "aws_eip.nat_gw_eip",
            "aws_nat_gateway.gw",
            "aws_route_table.my_vpc_us_east_1a_nated",
            "aws_subnet.test_public_sn1",
            "aws_subnet.test_public_sn3",
            "aws_vpc.test_vpc"
          ]
        }
      ]
    },
    {
      "mode": "managed",
      "type": "aws_route_table_association",
      "name": "my_vpc_us_east_2a_nated",
      "provider": "provider.aws",
      "instances": [
        {
          "schema_version": 0,
          "attributes": {
            "gateway_id": null,
            "id": "rtbassoc-09c4f58f34d541861",
            "route_table_id": "rtb-0afb7bb5a10372533",
            "subnet_id": "subnet-087e6e52d8dd2320c"
          },
          "private": "bnVsbA==",
          "dependencies": [
            "aws_eip.nat_gw_eip",
            "aws_nat_gateway.gw",
            "aws_route_table.my_vpc_us_east_1a_nated",
            "aws_subnet.test_public_sn1",
            "aws_subnet.test_public_sn4",
            "aws_vpc.test_vpc"
          ]
        }
      ]
    },
    {
      "mode": "managed",
      "type": "aws_s3_bucket",
      "name": "testbucket_fourthline",
      "provider": "provider.aws",
      "instances": [
        {
          "schema_version": 0,
          "attributes": {
            "acceleration_status": "",
            "acl": "private",
            "arn": "arn:aws:s3:::testbucket-fourthline",
            "bucket": "testbucket-fourthline",
            "bucket_domain_name": "testbucket-fourthline.s3.amazonaws.com",
            "bucket_prefix": null,
            "bucket_regional_domain_name": "testbucket-fourthline.s3.amazonaws.com",
            "cors_rule": [],
            "force_destroy": false,
            "hosted_zone_id": "Z3AQBSTGFYJSTF",
            "id": "testbucket-fourthline",
            "lifecycle_rule": [],
            "logging": [],
            "object_lock_configuration": [],
            "policy": null,
            "region": "us-east-1",
            "replication_configuration": [],
            "request_payer": "BucketOwner",
            "server_side_encryption_configuration": [],
            "tags": {
              "Environment": "Dev",
              "Name": "Fourthline bucket"
            },
            "versioning": [
              {
                "enabled": false,
                "mfa_delete": false
              }
            ],
            "website": [],
            "website_domain": null,
            "website_endpoint": null
          },
          "private": "bnVsbA=="
        }
      ]
    },
    {
      "mode": "managed",
      "type": "aws_s3_bucket_public_access_block",
      "name": "fourthline_example",
      "provider": "provider.aws",
      "instances": [
        {
          "schema_version": 0,
          "attributes": {
            "block_public_acls": true,
            "block_public_policy": true,
            "bucket": "testbucket-fourthline",
            "id": "testbucket-fourthline",
            "ignore_public_acls": false,
            "restrict_public_buckets": false
          },
          "private": "bnVsbA==",
          "dependencies": [
            "aws_s3_bucket.testbucket_fourthline"
          ]
        }
      ]
    },
    {
      "mode": "managed",
      "type": "aws_security_group",
      "name": "test_public_sg",
      "provider": "provider.aws",
      "instances": [
        {
          "schema_version": 1,
          "attributes": {
            "arn": "arn:aws:ec2:us-east-1:607620271203:security-group/sg-01592c82b84d18b39",
            "description": "Managed by Terraform",
            "egress": [
              {
                "cidr_blocks": [
                  "0.0.0.0/0"
                ],
                "description": "",
                "from_port": 0,
                "ipv6_cidr_blocks": [],
                "prefix_list_ids": [],
                "protocol": "-1",
                "security_groups": [],
                "self": false,
                "to_port": 0
              }
            ],
            "id": "sg-01592c82b84d18b39",
            "ingress": [
              {
                "cidr_blocks": [
                  "0.0.0.0/0"
                ],
                "description": "",
                "from_port": 80,
                "ipv6_cidr_blocks": [],
                "prefix_list_ids": [],
                "protocol": "tcp",
                "security_groups": [],
                "self": false,
                "to_port": 80
              },
              {
                "cidr_blocks": [],
                "description": "",
                "from_port": 0,
                "ipv6_cidr_blocks": [],
                "prefix_list_ids": [],
                "protocol": "-1",
                "security_groups": [],
                "self": true,
                "to_port": 0
              }
            ],
            "name": "terraform-20200210185213784600000006",
            "name_prefix": null,
            "owner_id": "607620271203",
            "revoke_rules_on_delete": false,
            "tags": null,
            "timeouts": null,
            "vpc_id": "vpc-01f03b06274c977c5"
          },
          "private": "eyJlMmJmYjczMC1lY2FhLTExZTYtOGY4OC0zNDM2M2JjN2M0YzAiOnsiY3JlYXRlIjo2MDAwMDAwMDAwMDAsImRlbGV0ZSI6NjAwMDAwMDAwMDAwfSwic2NoZW1hX3ZlcnNpb24iOiIxIn0=",
          "dependencies": [
            "aws_vpc.test_vpc"
          ]
        }
      ]
    },
    {
      "mode": "managed",
      "type": "aws_subnet",
      "name": "test_public_sn1",
      "provider": "provider.aws",
      "instances": [
        {
          "schema_version": 1,
          "attributes": {
            "arn": "arn:aws:ec2:us-east-1:607620271203:subnet/subnet-06215edd6821442bb",
            "assign_ipv6_address_on_creation": false,
            "availability_zone": "us-east-1a",
            "availability_zone_id": "use1-az1",
            "cidr_block": "10.0.1.0/24",
            "id": "subnet-06215edd6821442bb",
            "ipv6_cidr_block": "",
            "ipv6_cidr_block_association_id": "",
            "map_public_ip_on_launch": false,
            "owner_id": "607620271203",
            "tags": null,
            "timeouts": null,
            "vpc_id": "vpc-01f03b06274c977c5"
          },
          "private": "eyJlMmJmYjczMC1lY2FhLTExZTYtOGY4OC0zNDM2M2JjN2M0YzAiOnsiY3JlYXRlIjo2MDAwMDAwMDAwMDAsImRlbGV0ZSI6MTIwMDAwMDAwMDAwMH0sInNjaGVtYV92ZXJzaW9uIjoiMSJ9",
          "dependencies": [
            "aws_vpc.test_vpc"
          ]
        }
      ]
    },
    {
      "mode": "managed",
      "type": "aws_subnet",
      "name": "test_public_sn2",
      "provider": "provider.aws",
      "instances": [
        {
          "schema_version": 1,
          "attributes": {
            "arn": "arn:aws:ec2:us-east-1:607620271203:subnet/subnet-07ecc857970e94169",
            "assign_ipv6_address_on_creation": false,
            "availability_zone": "us-east-1b",
            "availability_zone_id": "use1-az2",
            "cidr_block": "10.0.2.0/24",
            "id": "subnet-07ecc857970e94169",
            "ipv6_cidr_block": "",
            "ipv6_cidr_block_association_id": "",
            "map_public_ip_on_launch": false,
            "owner_id": "607620271203",
            "tags": null,
            "timeouts": null,
            "vpc_id": "vpc-01f03b06274c977c5"
          },
          "private": "eyJlMmJmYjczMC1lY2FhLTExZTYtOGY4OC0zNDM2M2JjN2M0YzAiOnsiY3JlYXRlIjo2MDAwMDAwMDAwMDAsImRlbGV0ZSI6MTIwMDAwMDAwMDAwMH0sInNjaGVtYV92ZXJzaW9uIjoiMSJ9",
          "dependencies": [
            "aws_vpc.test_vpc"
          ]
        }
      ]
    },
    {
      "mode": "managed",
      "type": "aws_subnet",
      "name": "test_public_sn3",
      "provider": "provider.aws",
      "instances": [
        {
          "schema_version": 1,
          "attributes": {
            "arn": "arn:aws:ec2:us-east-1:607620271203:subnet/subnet-06a89a73f581403ad",
            "assign_ipv6_address_on_creation": false,
            "availability_zone": "us-east-1a",
            "availability_zone_id": "use1-az1",
            "cidr_block": "10.0.3.0/24",
            "id": "subnet-06a89a73f581403ad",
            "ipv6_cidr_block": "",
            "ipv6_cidr_block_association_id": "",
            "map_public_ip_on_launch": false,
            "owner_id": "607620271203",
            "tags": null,
            "timeouts": null,
            "vpc_id": "vpc-01f03b06274c977c5"
          },
          "private": "eyJlMmJmYjczMC1lY2FhLTExZTYtOGY4OC0zNDM2M2JjN2M0YzAiOnsiY3JlYXRlIjo2MDAwMDAwMDAwMDAsImRlbGV0ZSI6MTIwMDAwMDAwMDAwMH0sInNjaGVtYV92ZXJzaW9uIjoiMSJ9",
          "dependencies": [
            "aws_vpc.test_vpc"
          ]
        }
      ]
    },
    {
      "mode": "managed",
      "type": "aws_subnet",
      "name": "test_public_sn4",
      "provider": "provider.aws",
      "instances": [
        {
          "schema_version": 1,
          "attributes": {
            "arn": "arn:aws:ec2:us-east-1:607620271203:subnet/subnet-087e6e52d8dd2320c",
            "assign_ipv6_address_on_creation": false,
            "availability_zone": "us-east-1b",
            "availability_zone_id": "use1-az2",
            "cidr_block": "10.0.4.0/24",
            "id": "subnet-087e6e52d8dd2320c",
            "ipv6_cidr_block": "",
            "ipv6_cidr_block_association_id": "",
            "map_public_ip_on_launch": false,
            "owner_id": "607620271203",
            "tags": null,
            "timeouts": null,
            "vpc_id": "vpc-01f03b06274c977c5"
          },
          "private": "eyJlMmJmYjczMC1lY2FhLTExZTYtOGY4OC0zNDM2M2JjN2M0YzAiOnsiY3JlYXRlIjo2MDAwMDAwMDAwMDAsImRlbGV0ZSI6MTIwMDAwMDAwMDAwMH0sInNjaGVtYV92ZXJzaW9uIjoiMSJ9",
          "dependencies": [
            "aws_vpc.test_vpc"
          ]
        }
      ]
    },
    {
      "mode": "managed",
      "type": "aws_vpc",
      "name": "test_vpc",
      "provider": "provider.aws",
      "instances": [
        {
          "schema_version": 1,
          "attributes": {
            "arn": "arn:aws:ec2:us-east-1:607620271203:vpc/vpc-01f03b06274c977c5",
            "assign_generated_ipv6_cidr_block": false,
            "cidr_block": "10.0.0.0/16",
            "default_network_acl_id": "acl-096b01815672e1861",
            "default_route_table_id": "rtb-0115955d31f8a8f62",
            "default_security_group_id": "sg-0734af81a93a39221",
            "dhcp_options_id": "dopt-000d3d7b",
            "enable_classiclink": false,
            "enable_classiclink_dns_support": false,
            "enable_dns_hostnames": false,
            "enable_dns_support": true,
            "id": "vpc-01f03b06274c977c5",
            "instance_tenancy": "default",
            "ipv6_association_id": "",
            "ipv6_cidr_block": "",
            "main_route_table_id": "rtb-0115955d31f8a8f62",
            "owner_id": "607620271203",
            "tags": null
          },
          "private": "eyJzY2hlbWFfdmVyc2lvbiI6IjEifQ=="
        }
      ]
    }
  ]
}
